
Microsoft Visual Studio Solution File, Format Version 12.00
# Visual Studio Version 17
VisualStudioVersion = 17.8.34511.84
MinimumVisualStudioVersion = 10.0.40219.1
Project("{FAE04EC0-301F-11D3-BF4B-00C04F79EFBC}") = "LLVGFJCOJDMR", "LLVGFJCOJDMR\LLVGFJCOJDMR.csproj", "{A8035B35-50FD-46F0-9924-987D38C9752C}"
EndProject
Global
	GlobalSection(SolutionConfigurationPlatforms) = preSolution
		Debug|Any CPU = Debug|Any CPU
		Release|Any CPU = Release|Any CPU
	EndGlobalSection
	GlobalSection(ProjectConfigurationPlatforms) = postSolution
		{A8035B35-50FD-46F0-9924-987D38C9752C}.Debug|Any CPU.ActiveCfg = Debug|Any CPU
		{A8035B35-50FD-46F0-9924-987D38C9752C}.Debug|Any CPU.Build.0 = Debug|Any CPU
		{A8035B35-50FD-46F0-9924-987D38C9752C}.Release|Any CPU.ActiveCfg = Release|Any CPU
		{A8035B35-50FD-46F0-9924-987D38C9752C}.Release|Any CPU.Build.0 = Release|Any CPU
	EndGlobalSection
	GlobalSection(SolutionProperties) = preSolution
		HideSolutionNode = FALSE
	EndGlobalSection
	GlobalSection(ExtensibilityGlobals) = postSolution
		SolutionGuid = {FE14B25E-1518-4D82-AA6D-185A40BB10CC}
	EndGlobalSection
EndGlobal
